
Microsoft Visual Studio Solution File, Format Version 12.00
# Visual Studio 15
VisualStudioVersion = 15.0.28010.2041
MinimumVisualStudioVersion = 10.0.40219.1
Project("{FAE04EC0-301F-11D3-BF4B-00C04F79EFBC}") = "ScriptGenerate", "ScriptGenerate\ScriptGenerate.csproj", "{B7078361-8C92-4B39-8862-FE8CC99A2B5F}"
EndProject
Global
	GlobalSection(SolutionConfigurationPlatforms) = preSolution
		Debug|Any CPU = Debug|Any CPU
		Release|Any CPU = Release|Any CPU
	EndGlobalSection
	GlobalSection(ProjectConfigurationPlatforms) = postSolution
		{B7078361-8C92-4B39-8862-FE8CC99A2B5F}.Debug|Any CPU.ActiveCfg = Debug|Any CPU
		{B7078361-8C92-4B39-8862-FE8CC99A2B5F}.Debug|Any CPU.Build.0 = Debug|Any CPU
		{B7078361-8C92-4B39-8862-FE8CC99A2B5F}.Release|Any CPU.ActiveCfg = Release|Any CPU
		{B7078361-8C92-4B39-8862-FE8CC99A2B5F}.Release|Any CPU.Build.0 = Release|Any CPU
	EndGlobalSection
	GlobalSection(SolutionProperties) = preSolution
		HideSolutionNode = FALSE
	EndGlobalSection
	GlobalSection(ExtensibilityGlobals) = postSolution
		SolutionGuid = {DB5E08B3-B630-4FD4-8448-B4E603113A75}
	EndGlobalSection
EndGlobal
